
Microsoft Visual Studio Solution File, Format Version 12.00
# Visual Studio Version 17
VisualStudioVersion = 17.1.32210.238
MinimumVisualStudioVersion = 10.0.40219.1
Project("{9A19103F-16F7-4668-BE54-9A1E7A4F7556}") = "StaticExercise", "StaticExercise.csproj", "{141EE2CD-2741-4F6C-9408-F06F3EBED9EE}"
EndProject
Global
	GlobalSection(SolutionConfigurationPlatforms) = preSolution
		Debug|Any CPU = Debug|Any CPU
		Release|Any CPU = Release|Any CPU
	EndGlobalSection
	GlobalSection(ProjectConfigurationPlatforms) = postSolution
		{141EE2CD-2741-4F6C-9408-F06F3EBED9EE}.Debug|Any CPU.ActiveCfg = Debug|Any CPU
		{141EE2CD-2741-4F6C-9408-F06F3EBED9EE}.Debug|Any CPU.Build.0 = Debug|Any CPU
		{141EE2CD-2741-4F6C-9408-F06F3EBED9EE}.Release|Any CPU.ActiveCfg = Release|Any CPU
		{141EE2CD-2741-4F6C-9408-F06F3EBED9EE}.Release|Any CPU.Build.0 = Release|Any CPU
	EndGlobalSection
	GlobalSection(SolutionProperties) = preSolution
		HideSolutionNode = FALSE
	EndGlobalSection
	GlobalSection(ExtensibilityGlobals) = postSolution
		SolutionGuid = {16FC65C7-1094-4405-B084-ECDB6013A19A}
	EndGlobalSection
EndGlobal
